
Microsoft Visual Studio Solution File, Format Version 12.00
# Visual Studio 2015
Project("{FAE04EC0-301F-11D3-BF4B-00C04F79EFBC}") = "AssetsLoad.CSharp", "AssetsLoad.CSharp.csproj", "{C9018318-251D-7FFB-10C7-8CC898C958EF}"
EndProject
Project("{FAE04EC0-301F-11D3-BF4B-00C04F79EFBC}") = "AssetsLoad.CSharp.Editor", "AssetsLoad.CSharp.Editor.csproj", "{61DC3185-2425-3B24-DCC9-9D6479433A9F}"
EndProject
Global
	GlobalSection(SolutionConfigurationPlatforms) = preSolution
		Debug|Any CPU = Debug|Any CPU
		Release|Any CPU = Release|Any CPU
	EndGlobalSection
	GlobalSection(ProjectConfigurationPlatforms) = postSolution
		{C9018318-251D-7FFB-10C7-8CC898C958EF}.Debug|Any CPU.ActiveCfg = Debug|Any CPU
		{C9018318-251D-7FFB-10C7-8CC898C958EF}.Debug|Any CPU.Build.0 = Debug|Any CPU
		{C9018318-251D-7FFB-10C7-8CC898C958EF}.Release|Any CPU.ActiveCfg = Release|Any CPU
		{C9018318-251D-7FFB-10C7-8CC898C958EF}.Release|Any CPU.Build.0 = Release|Any CPU
		{61DC3185-2425-3B24-DCC9-9D6479433A9F}.Debug|Any CPU.ActiveCfg = Debug|Any CPU
		{61DC3185-2425-3B24-DCC9-9D6479433A9F}.Debug|Any CPU.Build.0 = Debug|Any CPU
		{61DC3185-2425-3B24-DCC9-9D6479433A9F}.Release|Any CPU.ActiveCfg = Release|Any CPU
		{61DC3185-2425-3B24-DCC9-9D6479433A9F}.Release|Any CPU.Build.0 = Release|Any CPU
	EndGlobalSection
	GlobalSection(SolutionProperties) = preSolution
		HideSolutionNode = FALSE
	EndGlobalSection
EndGlobal
